PODS:
  - AgoraRtcEngine_iOS (4.2.2):
    - AgoraRtcEngine_iOS/AIAEC (= 4.2.2)
    - AgoraRtcEngine_iOS/AINS (= 4.2.2)
    - AgoraRtcEngine_iOS/AudioBeauty (= 4.2.2)
    - AgoraRtcEngine_iOS/ClearVision (= 4.2.2)
    - AgoraRtcEngine_iOS/ContentInspect (= 4.2.2)
    - AgoraRtcEngine_iOS/DRM (= 4.2.2)
    - AgoraRtcEngine_iOS/FaceDetection (= 4.2.2)
    - AgoraRtcEngine_iOS/ReplayKit (= 4.2.2)
    - AgoraRtcEngine_iOS/RtcBasic (= 4.2.2)
    - AgoraRtcEngine_iOS/SpatialAudio (= 4.2.2)
    - AgoraRtcEngine_iOS/VideoCodecDec (= 4.2.2)
    - AgoraRtcEngine_iOS/VideoCodecEnc (= 4.2.2)
    - AgoraRtcEngine_iOS/VirtualBackground (= 4.2.2)
    - AgoraRtcEngine_iOS/VQA (= 4.2.2)
  - AgoraRtcEngine_iOS/AIAEC (4.2.2)
  - AgoraRtcEngine_iOS/AINS (4.2.2)
  - AgoraRtcEngine_iOS/AudioBeauty (4.2.2)
  - AgoraRtcEngine_iOS/ClearVision (4.2.2)
  - AgoraRtcEngine_iOS/ContentInspect (4.2.2)
  - AgoraRtcEngine_iOS/DRM (4.2.2)
  - AgoraRtcEngine_iOS/FaceDetection (4.2.2)
  - AgoraRtcEngine_iOS/ReplayKit (4.2.2)
  - AgoraRtcEngine_iOS/RtcBasic (4.2.2)
  - AgoraRtcEngine_iOS/SpatialAudio (4.2.2)
  - AgoraRtcEngine_iOS/VideoCodecDec (4.2.2)
  - AgoraRtcEngine_iOS/VideoCodecEnc (4.2.2)
  - AgoraRtcEngine_iOS/VirtualBackground (4.2.2)
  - AgoraRtcEngine_iOS/VQA (4.2.2)
  - AgoraSttHelper (0.1.0):
    - Alamofire
    - DarkEggKit (~> 1.0.0)
    - PromiseKit
    - Protobuf (= 3.21.12)
  - Alamofire (5.7.1)
  - DarkEggKit (1.0.3):
    - DarkEggKit/Common (= 1.0.3)
  - DarkEggKit/Common (1.0.3)
  - PromiseKit (8.1.0):
    - PromiseKit/CorePromise (= 8.1.0)
    - PromiseKit/Foundation (= 8.1.0)
    - PromiseKit/UIKit (= 8.1.0)
  - PromiseKit/CorePromise (8.1.0)
  - PromiseKit/Foundation (8.1.0):
    - PromiseKit/CorePromise
  - PromiseKit/UIKit (8.1.0):
    - PromiseKit/CorePromise
  - Protobuf (3.21.12)

DEPENDENCIES:
  - AgoraRtcEngine_iOS
  - AgoraSttHelper (from `../`)
  - DarkEggKit

SPEC REPOS:
  trunk:
    - AgoraRtcEngine_iOS
    - Alamofire
    - DarkEggKit
    - PromiseKit
    - Protobuf

EXTERNAL SOURCES:
  AgoraSttHelper:
    :path: "../"

SPEC CHECKSUMS:
  AgoraRtcEngine_iOS: c510de329cd905daff3f01fa4c872ea6d5eaee23
  AgoraSttHelper: 268536f15e5623fb0ca83e0fea56b540cf454eea
  Alamofire: 0123a34370cb170936ae79a8df46cc62b2edeb88
  DarkEggKit: 3b10ebb6fd0ff94e9f24dd71d016c23b45eea282
  PromiseKit: b2aa70b27a5592499347efbb4dff1169cd8ce0b2
  Protobuf: 120350fc38646e2dedc26f49ecba778184ea1de2

PODFILE CHECKSUM: f225957009c76087b2547abd71e8c3f082724740

COCOAPODS: 1.12.1
